
Microsoft Visual Studio Solution File, Format Version 12.00
# Visual Studio Version 17
VisualStudioVersion = 17.9.34622.214
MinimumVisualStudioVersion = 10.0.40219.1
Project("{FAE04EC0-301F-11D3-BF4B-00C04F79EFBC}") = "ConsoleApp12", "ConsoleApp12\ConsoleApp12.csproj", "{B985A80F-1EB3-4BF0-8E9C-8ABA4CF07A30}"
EndProject
Project("{FAE04EC0-301F-11D3-BF4B-00C04F79EFBC}") = "Core", "Core\Core.csproj", "{214D68C7-1093-43E1-8D0A-7FFB37D2B652}"
EndProject
Global
	GlobalSection(SolutionConfigurationPlatforms) = preSolution
		Debug|Any CPU = Debug|Any CPU
		Release|Any CPU = Release|Any CPU
	EndGlobalSection
	GlobalSection(ProjectConfigurationPlatforms) = postSolution
		{B985A80F-1EB3-4BF0-8E9C-8ABA4CF07A30}.Debug|Any CPU.ActiveCfg = Debug|Any CPU
		{B985A80F-1EB3-4BF0-8E9C-8ABA4CF07A30}.Debug|Any CPU.Build.0 = Debug|Any CPU
		{B985A80F-1EB3-4BF0-8E9C-8ABA4CF07A30}.Release|Any CPU.ActiveCfg = Release|Any CPU
		{B985A80F-1EB3-4BF0-8E9C-8ABA4CF07A30}.Release|Any CPU.Build.0 = Release|Any CPU
		{214D68C7-1093-43E1-8D0A-7FFB37D2B652}.Debug|Any CPU.ActiveCfg = Debug|Any CPU
		{214D68C7-1093-43E1-8D0A-7FFB37D2B652}.Debug|Any CPU.Build.0 = Debug|Any CPU
		{214D68C7-1093-43E1-8D0A-7FFB37D2B652}.Release|Any CPU.ActiveCfg = Release|Any CPU
		{214D68C7-1093-43E1-8D0A-7FFB37D2B652}.Release|Any CPU.Build.0 = Release|Any CPU
	EndGlobalSection
	GlobalSection(SolutionProperties) = preSolution
		HideSolutionNode = FALSE
	EndGlobalSection
	GlobalSection(ExtensibilityGlobals) = postSolution
		SolutionGuid = {F782109E-B6F4-4815-844A-41E73EFB761E}
	EndGlobalSection
EndGlobal
